
Microsoft Visual Studio Solution File, Format Version 11.00
# Visual Studio 2010
Project("{8BC9CEB8-8B4A-11D0-8D11-00A0C91BC942}") = "analyzer", "analyzer\analyzer.vcxproj", "{6613B259-5ECC-4F2A-A55D-80C7E3F43499}"
EndProject
Global
	GlobalSection(SolutionConfigurationPlatforms) = preSolution
		Debug|Win32 = Debug|Win32
		Release|Win32 = Release|Win32
	EndGlobalSection
	GlobalSection(ProjectConfigurationPlatforms) = postSolution
		{6613B259-5ECC-4F2A-A55D-80C7E3F43499}.Debug|Win32.ActiveCfg = Debug|Win32
		{6613B259-5ECC-4F2A-A55D-80C7E3F43499}.Debug|Win32.Build.0 = Debug|Win32
		{6613B259-5ECC-4F2A-A55D-80C7E3F43499}.Release|Win32.ActiveCfg = Release|Win32
		{6613B259-5ECC-4F2A-A55D-80C7E3F43499}.Release|Win32.Build.0 = Release|Win32
	EndGlobalSection
	GlobalSection(SolutionProperties) = preSolution
		HideSolutionNode = FALSE
	EndGlobalSection
EndGlobal
