
Microsoft Visual Studio Solution File, Format Version 12.00
# Visual Studio Express 2012 for Windows Desktop
Project("{8BC9CEB8-8B4A-11D0-8D11-00A0C91BC942}") = "ogt", "ogt\ogt.vcxproj", "{76E3BBEE-A5A6-49CF-AB0C-8C9A48DC1680}"
EndProject
Global
	GlobalSection(SolutionConfigurationPlatforms) = preSolution
		Debug|Win32 = Debug|Win32
		Release|Win32 = Release|Win32
	EndGlobalSection
	GlobalSection(ProjectConfigurationPlatforms) = postSolution
		{76E3BBEE-A5A6-49CF-AB0C-8C9A48DC1680}.Debug|Win32.ActiveCfg = Debug|Win32
		{76E3BBEE-A5A6-49CF-AB0C-8C9A48DC1680}.Debug|Win32.Build.0 = Debug|Win32
		{76E3BBEE-A5A6-49CF-AB0C-8C9A48DC1680}.Release|Win32.ActiveCfg = Release|Win32
		{76E3BBEE-A5A6-49CF-AB0C-8C9A48DC1680}.Release|Win32.Build.0 = Release|Win32
	EndGlobalSection
	GlobalSection(SolutionProperties) = preSolution
		HideSolutionNode = FALSE
	EndGlobalSection
EndGlobal
