
Microsoft Visual Studio Solution File, Format Version 11.00
# Visual Studio 2010
Project("{8BC9CEB8-8B4A-11D0-8D11-00A0C91BC942}") = "v3", "v3\v3.vcxproj", "{4AFFA2AC-275A-4E1A-934B-E1A54EB4B25C}"
EndProject
Global
	GlobalSection(SolutionConfigurationPlatforms) = preSolution
		Debug|Win32 = Debug|Win32
		Release|Win32 = Release|Win32
	EndGlobalSection
	GlobalSection(ProjectConfigurationPlatforms) = postSolution
		{4AFFA2AC-275A-4E1A-934B-E1A54EB4B25C}.Debug|Win32.ActiveCfg = Debug|Win32
		{4AFFA2AC-275A-4E1A-934B-E1A54EB4B25C}.Debug|Win32.Build.0 = Debug|Win32
		{4AFFA2AC-275A-4E1A-934B-E1A54EB4B25C}.Release|Win32.ActiveCfg = Release|Win32
		{4AFFA2AC-275A-4E1A-934B-E1A54EB4B25C}.Release|Win32.Build.0 = Release|Win32
	EndGlobalSection
	GlobalSection(SolutionProperties) = preSolution
		HideSolutionNode = FALSE
	EndGlobalSection
EndGlobal
