
Microsoft Visual Studio Solution File, Format Version 11.00
# Visual Studio 2010
Project("{8BC9CEB8-8B4A-11D0-8D11-00A0C91BC942}") = "o1", "o1\o1.vcxproj", "{8011757A-7794-4312-AE1F-698E21C18CB0}"
EndProject
Global
	GlobalSection(SolutionConfigurationPlatforms) = preSolution
		Debug|Win32 = Debug|Win32
		Release|Win32 = Release|Win32
	EndGlobalSection
	GlobalSection(ProjectConfigurationPlatforms) = postSolution
		{8011757A-7794-4312-AE1F-698E21C18CB0}.Debug|Win32.ActiveCfg = Debug|Win32
		{8011757A-7794-4312-AE1F-698E21C18CB0}.Debug|Win32.Build.0 = Debug|Win32
		{8011757A-7794-4312-AE1F-698E21C18CB0}.Release|Win32.ActiveCfg = Release|Win32
		{8011757A-7794-4312-AE1F-698E21C18CB0}.Release|Win32.Build.0 = Release|Win32
	EndGlobalSection
	GlobalSection(SolutionProperties) = preSolution
		HideSolutionNode = FALSE
	EndGlobalSection
EndGlobal
