<?xml version="1.0" encoding="utf-8"?>
<Project ToolsVersion="4.0" xmlns="http://schemas.microsoft.com/developer/msbuild/2003">
  <ItemGroup>
    <Filter Include="Source Files">
      <UniqueIdentifier>{4FC737F1-C7A5-4376-A066-2A32D752A2FF}</UniqueIdentifier>
      <Extensions>cpp;c;cc;cxx;def;odl;idl;hpj;bat;asm;asmx</Extensions>
    </Filter>
    <Filter Include="Header Files">
      <UniqueIdentifier>{93995380-89BD-4b04-88EB-625FBE52EBFB}</UniqueIdentifier>
      <Extensions>h;hpp;hxx;hm;inl;inc;xsd</Extensions>
    </Filter>
    <Filter Include="Resource Files">
      <UniqueIdentifier>{67DA6AB6-F800-4c08-8B7A-83BB121AAD01}</UniqueIdentifier>
      <Extensions>rc;ico;cur;bmp;dlg;rc2;rct;bin;rgs;gif;jpg;jpeg;jpe;resx;tiff;tif;png;wav;mfcribbon-ms</Extensions>
    </Filter>
    <Filter Include="Source Files\data">
      <UniqueIdentifier>{cb942340-ca80-4ff2-a11e-89f5ad4ec3a3}</UniqueIdentifier>
    </Filter>
    <Filter Include="Header Files\data">
      <UniqueIdentifier>{067ce438-7357-4866-ba16-c70d7ed2fb68}</UniqueIdentifier>
    </Filter>
    <Filter Include="Header Files\global func">
      <UniqueIdentifier>{e8f304ec-01f9-4d19-8316-e8303ecc3fb4}</UniqueIdentifier>
    </Filter>
    <Filter Include="Source Files\global func">
      <UniqueIdentifier>{948d3dbc-0b2d-4dab-af13-a170759813d6}</UniqueIdentifier>
    </Filter>
  </ItemGroup>
  <ItemGroup>
    <None Include="ReadMe.txt" />
    <None Include="res\output_wnd.ico">
      <Filter>Resource Files</Filter>
    </None>
    <None Include="res\output_wnd_hc.ico">
      <Filter>Resource Files</Filter>
    </None>
    <None Include="res\info.bmp">
      <Filter>Resource Files</Filter>
    </None>
    <None Include="UserImages.bmp">
      <Filter>Resource Files</Filter>
    </None>
    <None Include="res\analyzer.rc2">
      <Filter>Resource Files</Filter>
    </None>
    <None Include="res\analyzerDoc.ico">
      <Filter>Resource Files</Filter>
    </None>
    <None Include="res\analyzer.ico">
      <Filter>Resource Files</Filter>
    </None>
    <None Include="res\Toolbar.bmp">
      <Filter>Resource Files</Filter>
    </None>
    <None Include="res\Toolbar256.bmp">
      <Filter>Resource Files</Filter>
    </None>
    <None Include="..\..\..\..\..\Downloads\635\635\advanced.ico">
      <Filter>Resource Files</Filter>
    </None>
    <None Include="..\..\..\..\..\Downloads\635\635\appearance.ico">
      <Filter>Resource Files</Filter>
    </None>
    <None Include="..\..\..\..\..\Downloads\635\635\agt_virus.ico">
      <Filter>Resource Files</Filter>
    </None>
    <None Include="res\mainfram.bmp">
      <Filter>Resource Files</Filter>
    </None>
    <None Include="res\bmp00001.bmp">
      <Filter>Resource Files</Filter>
    </None>
    <None Include="res\hottoolb.bmp">
      <Filter>Resource Files</Filter>
    </None>
    <None Include="res\menutoolb.bmp">
      <Filter>Resource Files</Filter>
    </None>
    <None Include="res\menu_img.bmp">
      <Filter>Resource Files</Filter>
    </None>
    <None Include="res\Panorama16.bmp">
      <Filter>Resource Files</Filter>
    </None>
    <None Include="res\Panorama24.bmp">
      <Filter>Resource Files</Filter>
    </None>
    <None Include="res\Panorama32.bmp">
      <Filter>Resource Files</Filter>
    </None>
    <None Include="res\messagebar_1.bmp">
      <Filter>Resource Files</Filter>
    </None>
    <None Include="res\messagebar_2.bmp">
      <Filter>Resource Files</Filter>
    </None>
  </ItemGroup>
  <ItemGroup>
    <ClInclude Include="analyzer.h">
      <Filter>Header Files</Filter>
    </ClInclude>
    <ClInclude Include="stdafx.h">
      <Filter>Header Files</Filter>
    </ClInclude>
    <ClInclude Include="targetver.h">
      <Filter>Header Files</Filter>
    </ClInclude>
    <ClInclude Include="MainFrm.h">
      <Filter>Header Files</Filter>
    </ClInclude>
    <ClInclude Include="analyzerDoc.h">
      <Filter>Header Files</Filter>
    </ClInclude>
    <ClInclude Include="analyzerView.h">
      <Filter>Header Files</Filter>
    </ClInclude>
    <ClInclude Include="Resource.h">
      <Filter>Header Files</Filter>
    </ClInclude>
    <ClInclude Include="OutputWnd.h">
      <Filter>Header Files</Filter>
    </ClInclude>
    <ClInclude Include="AnalysisParametersPage.h">
      <Filter>Header Files</Filter>
    </ClInclude>
    <ClInclude Include="ColorButton.h">
      <Filter>Header Files</Filter>
    </ClInclude>
    <ClInclude Include="ComboItem.h">
      <Filter>Header Files</Filter>
    </ClInclude>
    <ClInclude Include="CVParametersPage.h">
      <Filter>Header Files</Filter>
    </ClInclude>
    <ClInclude Include="EditItem.h">
      <Filter>Header Files</Filter>
    </ClInclude>
    <ClInclude Include="EditList.h">
      <Filter>Header Files</Filter>
    </ClInclude>
    <ClInclude Include="MFCCaptionBarA.h">
      <Filter>Header Files</Filter>
    </ClInclude>
    <ClInclude Include="SolutionAdditionParametersPageA.h">
      <Filter>Header Files</Filter>
    </ClInclude>
    <ClInclude Include="analyzerViewR.h">
      <Filter>Header Files</Filter>
    </ClInclude>
    <ClInclude Include="analyzerViewL.h">
      <Filter>Header Files</Filter>
    </ClInclude>
    <ClInclude Include="PlotSettingPage.h">
      <Filter>Header Files</Filter>
    </ClInclude>
    <ClInclude Include="DataOut.h">
      <Filter>Header Files\data</Filter>
    </ClInclude>
    <ClInclude Include="ANPara.h">
      <Filter>Header Files\data</Filter>
    </ClInclude>
    <ClInclude Include="pcct.h">
      <Filter>Header Files\data</Filter>
    </ClInclude>
    <ClInclude Include="pcctB.h">
      <Filter>Header Files\data</Filter>
    </ClInclude>
    <ClInclude Include="PlotData.h">
      <Filter>Header Files\data</Filter>
    </ClInclude>
    <ClInclude Include="PlotSpec.h">
      <Filter>Header Files\data</Filter>
    </ClInclude>
    <ClInclude Include="linespec.h">
      <Filter>Header Files\data</Filter>
    </ClInclude>
    <ClInclude Include="SAPara.h">
      <Filter>Header Files\data</Filter>
    </ClInclude>
    <ClInclude Include="sapitemA.h">
      <Filter>Header Files\data</Filter>
    </ClInclude>
    <ClInclude Include="VPara.h">
      <Filter>Header Files\data</Filter>
    </ClInclude>
    <ClInclude Include="SARCalibCurve.h">
      <Filter>Header Files\data</Filter>
    </ClInclude>
    <ClInclude Include="calgridT.h">
      <Filter>Header Files\global func</Filter>
    </ClInclude>
    <ClInclude Include="colormapT.h">
      <Filter>Header Files\global func</Filter>
    </ClInclude>
    <ClInclude Include="CSpline.h">
      <Filter>Header Files\global func</Filter>
    </ClInclude>
    <ClInclude Include="func.h">
      <Filter>Header Files\global func</Filter>
    </ClInclude>
    <ClInclude Include="intgQT.h">
      <Filter>Header Files\global func</Filter>
    </ClInclude>
    <ClInclude Include="typedefine.h">
      <Filter>Header Files\global func</Filter>
    </ClInclude>
    <ClInclude Include="xRescaleT.h">
      <Filter>Header Files\global func</Filter>
    </ClInclude>
    <ClInclude Include="DataOutA.h">
      <Filter>Header Files</Filter>
    </ClInclude>
    <ClInclude Include="pcctC.h">
      <Filter>Header Files</Filter>
    </ClInclude>
  </ItemGroup>
  <ItemGroup>
    <ClCompile Include="analyzer.cpp">
      <Filter>Source Files</Filter>
    </ClCompile>
    <ClCompile Include="stdafx.cpp">
      <Filter>Source Files</Filter>
    </ClCompile>
    <ClCompile Include="MainFrm.cpp">
      <Filter>Source Files</Filter>
    </ClCompile>
    <ClCompile Include="analyzerDoc.cpp">
      <Filter>Source Files</Filter>
    </ClCompile>
    <ClCompile Include="analyzerView.cpp">
      <Filter>Source Files</Filter>
    </ClCompile>
    <ClCompile Include="OutputWnd.cpp">
      <Filter>Source Files</Filter>
    </ClCompile>
    <ClCompile Include="AnalysisParametersPage.cpp">
      <Filter>Source Files</Filter>
    </ClCompile>
    <ClCompile Include="ColorButton.cpp">
      <Filter>Source Files</Filter>
    </ClCompile>
    <ClCompile Include="ComboItem.cpp">
      <Filter>Source Files</Filter>
    </ClCompile>
    <ClCompile Include="CVParametersPage.cpp">
      <Filter>Source Files</Filter>
    </ClCompile>
    <ClCompile Include="EditItem.cpp">
      <Filter>Source Files</Filter>
    </ClCompile>
    <ClCompile Include="EditList.cpp">
      <Filter>Source Files</Filter>
    </ClCompile>
    <ClCompile Include="MFCCaptionBarA.cpp">
      <Filter>Source Files</Filter>
    </ClCompile>
    <ClCompile Include="SolutionAdditionParametersPageA.cpp">
      <Filter>Source Files</Filter>
    </ClCompile>
    <ClCompile Include="analyzerViewR.cpp">
      <Filter>Source Files</Filter>
    </ClCompile>
    <ClCompile Include="analyzerViewL.cpp">
      <Filter>Source Files</Filter>
    </ClCompile>
    <ClCompile Include="PlotSettingPageA.cpp">
      <Filter>Source Files</Filter>
    </ClCompile>
    <ClCompile Include="VPara.cpp">
      <Filter>Source Files\data</Filter>
    </ClCompile>
    <ClCompile Include="sapitemA.cpp">
      <Filter>Source Files\data</Filter>
    </ClCompile>
    <ClCompile Include="SAPara.cpp">
      <Filter>Source Files\data</Filter>
    </ClCompile>
    <ClCompile Include="PlotSpec.cpp">
      <Filter>Source Files\data</Filter>
    </ClCompile>
    <ClCompile Include="PlotData.cpp">
      <Filter>Source Files\data</Filter>
    </ClCompile>
    <ClCompile Include="pcctB.cpp">
      <Filter>Source Files\data</Filter>
    </ClCompile>
    <ClCompile Include="pcct.cpp">
      <Filter>Source Files\data</Filter>
    </ClCompile>
    <ClCompile Include="linespec.cpp">
      <Filter>Source Files\data</Filter>
    </ClCompile>
    <ClCompile Include="DataOut.cpp">
      <Filter>Source Files\data</Filter>
    </ClCompile>
    <ClCompile Include="ANPara.cpp">
      <Filter>Source Files\data</Filter>
    </ClCompile>
    <ClCompile Include="SARCalibCurve.cpp">
      <Filter>Source Files\data</Filter>
    </ClCompile>
    <ClCompile Include="func.cpp">
      <Filter>Source Files\global func</Filter>
    </ClCompile>
    <ClCompile Include="DataOutA.cpp">
      <Filter>Source Files</Filter>
    </ClCompile>
    <ClCompile Include="pcctC.cpp">
      <Filter>Source Files</Filter>
    </ClCompile>
  </ItemGroup>
  <ItemGroup>
    <ResourceCompile Include="analyzer.rc">
      <Filter>Resource Files</Filter>
    </ResourceCompile>
  </ItemGroup>
</Project>