<?xml version="1.0" encoding="utf-8"?>
<Project ToolsVersion="4.0" xmlns="http://schemas.microsoft.com/developer/msbuild/2003">
  <ItemGroup>
    <Filter Include="Source Files">
      <UniqueIdentifier>{4FC737F1-C7A5-4376-A066-2A32D752A2FF}</UniqueIdentifier>
      <Extensions>cpp;c;cc;cxx;def;odl;idl;hpj;bat;asm;asmx</Extensions>
    </Filter>
    <Filter Include="Header Files">
      <UniqueIdentifier>{93995380-89BD-4b04-88EB-625FBE52EBFB}</UniqueIdentifier>
      <Extensions>h;hpp;hxx;hm;inl;inc;xsd</Extensions>
    </Filter>
    <Filter Include="Resource Files">
      <UniqueIdentifier>{67DA6AB6-F800-4c08-8B7A-83BB121AAD01}</UniqueIdentifier>
      <Extensions>rc;ico;cur;bmp;dlg;rc2;rct;bin;rgs;gif;jpg;jpeg;jpe;resx;tiff;tif;png;wav;mfcribbon-ms</Extensions>
    </Filter>
  </ItemGroup>
  <ItemGroup>
    <None Include="ReadMe.txt" />
    <None Include="analyzer.reg" />
    <None Include="res\output_wnd.ico">
      <Filter>Resource Files</Filter>
    </None>
    <None Include="res\output_wnd_hc.ico">
      <Filter>Resource Files</Filter>
    </None>
    <None Include="UserImages.bmp">
      <Filter>Resource Files</Filter>
    </None>
    <None Include="res\analyzer.rc2">
      <Filter>Resource Files</Filter>
    </None>
    <None Include="res\analyzerDoc.ico">
      <Filter>Resource Files</Filter>
    </None>
    <None Include="res\analyzer.ico">
      <Filter>Resource Files</Filter>
    </None>
    <None Include="res\Toolbar.bmp">
      <Filter>Resource Files</Filter>
    </None>
    <None Include="res\Toolbar256.bmp">
      <Filter>Resource Files</Filter>
    </None>
    <None Include="res\hottoolb.bmp">
      <Filter>Resource Files</Filter>
    </None>
    <None Include="res\menutoolb.bmp">
      <Filter>Resource Files</Filter>
    </None>
    <None Include="res\menu_img.bmp">
      <Filter>Resource Files</Filter>
    </None>
    <None Include="res\Panorama16.bmp">
      <Filter>Resource Files</Filter>
    </None>
    <None Include="res\Panorama24.bmp">
      <Filter>Resource Files</Filter>
    </None>
    <None Include="res\Panorama32.bmp">
      <Filter>Resource Files</Filter>
    </None>
    <None Include="res\messagebar_1.bmp">
      <Filter>Resource Files</Filter>
    </None>
    <None Include="res\messagebar_2.bmp">
      <Filter>Resource Files</Filter>
    </None>
    <None Include="res\astri.bmp">
      <Filter>Resource Files</Filter>
    </None>
    <None Include="res\index_02_01_01.bmp">
      <Filter>Resource Files</Filter>
    </None>
    <None Include="res\qq.bmp">
      <Filter>Resource Files</Filter>
    </None>
    <None Include="res\qq16.bmp">
      <Filter>Resource Files</Filter>
    </None>
    <None Include="res\qq16.ico">
      <Filter>Resource Files</Filter>
    </None>
    <None Include="res\IMG_20131002_154626_4.bmp">
      <Filter>Resource Files</Filter>
    </None>
    <None Include="res\dtr.bmp">
      <Filter>Resource Files</Filter>
    </None>
    <None Include="res\csp.bmp">
      <Filter>Resource Files</Filter>
    </None>
    <None Include="res\RDE-logo.ico">
      <Filter>Resource Files</Filter>
    </None>
    <None Include="res\icon2.ico">
      <Filter>Resource Files</Filter>
    </None>
    <None Include="res\icon3.ico">
      <Filter>Resource Files</Filter>
    </None>
    <None Include="res\icon4.ico">
      <Filter>Resource Files</Filter>
    </None>
    <None Include="res\info.bmp">
      <Filter>Resource Files</Filter>
    </None>
    <None Include="res\dta.bmp">
      <Filter>Resource Files</Filter>
    </None>
    <None Include="res\lata.bmp">
      <Filter>Resource Files</Filter>
    </None>
    <None Include="res\lrta.bmp">
      <Filter>Resource Files</Filter>
    </None>
    <None Include="res\pala.bmp">
      <Filter>Resource Files</Filter>
    </None>
    <None Include="res\rca.bmp">
      <Filter>Resource Files</Filter>
    </None>
    <None Include="res\sara.bmp">
      <Filter>Resource Files</Filter>
    </None>
    <None Include="res\mark1.bmp">
      <Filter>Resource Files</Filter>
    </None>
    <None Include="res\mark2.bmp">
      <Filter>Resource Files</Filter>
    </None>
    <None Include="res\mark3.bmp">
      <Filter>Resource Files</Filter>
    </None>
    <None Include="res\mark4.bmp">
      <Filter>Resource Files</Filter>
    </None>
    <None Include="res\mark5.bmp">
      <Filter>Resource Files</Filter>
    </None>
    <None Include="res\mark6.bmp">
      <Filter>Resource Files</Filter>
    </None>
    <None Include="res\mark7.bmp">
      <Filter>Resource Files</Filter>
    </None>
    <None Include="res\mark8.bmp">
      <Filter>Resource Files</Filter>
    </None>
    <None Include="res\mark9.bmp">
      <Filter>Resource Files</Filter>
    </None>
    <None Include="res\mark10.bmp">
      <Filter>Resource Files</Filter>
    </None>
    <None Include="res\mark11.bmp">
      <Filter>Resource Files</Filter>
    </None>
    <None Include="res\mark12.bmp">
      <Filter>Resource Files</Filter>
    </None>
    <None Include="res\mark13.bmp">
      <Filter>Resource Files</Filter>
    </None>
    <None Include="res\mark14.bmp">
      <Filter>Resource Files</Filter>
    </None>
    <None Include="res\mark15.bmp">
      <Filter>Resource Files</Filter>
    </None>
    <None Include="res\mark16.bmp">
      <Filter>Resource Files</Filter>
    </None>
  </ItemGroup>
  <ItemGroup>
    <ClInclude Include="analyzer.h">
      <Filter>Header Files</Filter>
    </ClInclude>
    <ClInclude Include="stdafx.h">
      <Filter>Header Files</Filter>
    </ClInclude>
    <ClInclude Include="targetver.h">
      <Filter>Header Files</Filter>
    </ClInclude>
    <ClInclude Include="MainFrm.h">
      <Filter>Header Files</Filter>
    </ClInclude>
    <ClInclude Include="analyzerDoc.h">
      <Filter>Header Files</Filter>
    </ClInclude>
    <ClInclude Include="analyzerView.h">
      <Filter>Header Files</Filter>
    </ClInclude>
    <ClInclude Include="Resource.h">
      <Filter>Header Files</Filter>
    </ClInclude>
    <ClInclude Include="OutputWnd.h">
      <Filter>Header Files</Filter>
    </ClInclude>
    <ClInclude Include="user\AccountComboBox.h">
      <Filter>Header Files</Filter>
    </ClInclude>
    <ClInclude Include="user\LoginDlg.h">
      <Filter>Header Files</Filter>
    </ClInclude>
    <ClInclude Include="filefunc.h">
      <Filter>Header Files</Filter>
    </ClInclude>
    <ClInclude Include="property\PropertySheetA.h">
      <Filter>Header Files</Filter>
    </ClInclude>
    <ClInclude Include="property\UserAccountPage.h">
      <Filter>Header Files</Filter>
    </ClInclude>
    <ClInclude Include="list\ComboItem.h">
      <Filter>Header Files</Filter>
    </ClInclude>
    <ClInclude Include="list\ListCtrlA.h">
      <Filter>Header Files</Filter>
    </ClInclude>
    <ClInclude Include="list\ListCtrlAA.h">
      <Filter>Header Files</Filter>
    </ClInclude>
    <ClInclude Include="list\ListCtrlUA.h">
      <Filter>Header Files</Filter>
    </ClInclude>
    <ClInclude Include="list\EditB.h">
      <Filter>Header Files</Filter>
    </ClInclude>
    <ClInclude Include="list\EditInt.h">
      <Filter>Header Files</Filter>
    </ClInclude>
    <ClInclude Include="list\EditNum.h">
      <Filter>Header Files</Filter>
    </ClInclude>
    <ClInclude Include="list\EditReal.h">
      <Filter>Header Files</Filter>
    </ClInclude>
    <ClInclude Include="list\OutputListA.h">
      <Filter>Header Files</Filter>
    </ClInclude>
    <ClInclude Include="plot\PlotWnd.h">
      <Filter>Header Files</Filter>
    </ClInclude>
    <ClInclude Include="property\PlotSettingPageB.h">
      <Filter>Header Files</Filter>
    </ClInclude>
    <ClInclude Include="property\PlotSettingPageC.h">
      <Filter>Header Files</Filter>
    </ClInclude>
    <ClInclude Include="analyzerViewL.h">
      <Filter>Header Files</Filter>
    </ClInclude>
    <ClInclude Include="list\ListCtrlLS.h">
      <Filter>Header Files</Filter>
    </ClInclude>
    <ClInclude Include="WaitDlg.h">
      <Filter>Header Files</Filter>
    </ClInclude>
    <ClInclude Include="property\AnalysisParametersPage.h">
      <Filter>Header Files</Filter>
    </ClInclude>
    <ClInclude Include="property\CVParametersPage.h">
      <Filter>Header Files</Filter>
    </ClInclude>
    <ClInclude Include="property\PropertySheetA1ML.h">
      <Filter>Header Files</Filter>
    </ClInclude>
    <ClInclude Include="property\SolutionAdditionParametersPageA.h">
      <Filter>Header Files</Filter>
    </ClInclude>
    <ClInclude Include="property\SolutionAdditionParametersPageB.h">
      <Filter>Header Files</Filter>
    </ClInclude>
    <ClInclude Include="list\ListCtrlSAP.h">
      <Filter>Header Files</Filter>
    </ClInclude>
    <ClInclude Include="analyzerViewR.h">
      <Filter>Header Files</Filter>
    </ClInclude>
    <ClInclude Include="ComputeDlg.h">
      <Filter>Header Files</Filter>
    </ClInclude>
    <ClInclude Include="ParaList.h">
      <Filter>Header Files</Filter>
    </ClInclude>
    <ClInclude Include="ExportDataDlg.h">
      <Filter>Header Files</Filter>
    </ClInclude>
    <ClInclude Include="ListCtrlLine.h">
      <Filter>Header Files</Filter>
    </ClInclude>
  </ItemGroup>
  <ItemGroup>
    <ClCompile Include="analyzer.cpp">
      <Filter>Source Files</Filter>
    </ClCompile>
    <ClCompile Include="stdafx.cpp">
      <Filter>Source Files</Filter>
    </ClCompile>
    <ClCompile Include="MainFrm.cpp">
      <Filter>Source Files</Filter>
    </ClCompile>
    <ClCompile Include="analyzerDoc.cpp">
      <Filter>Source Files</Filter>
    </ClCompile>
    <ClCompile Include="analyzerView.cpp">
      <Filter>Source Files</Filter>
    </ClCompile>
    <ClCompile Include="OutputWnd.cpp">
      <Filter>Source Files</Filter>
    </ClCompile>
    <ClCompile Include="user\LoginDlg.cpp">
      <Filter>Source Files</Filter>
    </ClCompile>
    <ClCompile Include="user\AccountComboBox.cpp">
      <Filter>Source Files</Filter>
    </ClCompile>
    <ClCompile Include="filefunc.cpp">
      <Filter>Source Files</Filter>
    </ClCompile>
    <ClCompile Include="property\PropertySheetA.cpp">
      <Filter>Source Files</Filter>
    </ClCompile>
    <ClCompile Include="property\UserAccountPage.cpp">
      <Filter>Source Files</Filter>
    </ClCompile>
    <ClCompile Include="list\ComboItem.cpp">
      <Filter>Source Files</Filter>
    </ClCompile>
    <ClCompile Include="list\ListCtrlA.cpp">
      <Filter>Source Files</Filter>
    </ClCompile>
    <ClCompile Include="list\ListCtrlAA.cpp">
      <Filter>Source Files</Filter>
    </ClCompile>
    <ClCompile Include="list\ListCtrlUA.cpp">
      <Filter>Source Files</Filter>
    </ClCompile>
    <ClCompile Include="list\EditB.cpp">
      <Filter>Source Files</Filter>
    </ClCompile>
    <ClCompile Include="list\EditInt.cpp">
      <Filter>Source Files</Filter>
    </ClCompile>
    <ClCompile Include="list\EditNum.cpp">
      <Filter>Source Files</Filter>
    </ClCompile>
    <ClCompile Include="list\EditReal.cpp">
      <Filter>Source Files</Filter>
    </ClCompile>
    <ClCompile Include="list\OutputListA.cpp">
      <Filter>Source Files</Filter>
    </ClCompile>
    <ClCompile Include="plot\PlotWnd.cpp">
      <Filter>Source Files</Filter>
    </ClCompile>
    <ClCompile Include="property\PlotSettingPageB.cpp">
      <Filter>Source Files</Filter>
    </ClCompile>
    <ClCompile Include="property\PlotSettingPageC.cpp">
      <Filter>Source Files</Filter>
    </ClCompile>
    <ClCompile Include="analyzerViewL.cpp">
      <Filter>Source Files</Filter>
    </ClCompile>
    <ClCompile Include="list\ListCtrlLS.cpp">
      <Filter>Source Files</Filter>
    </ClCompile>
    <ClCompile Include="WaitDlg.cpp">
      <Filter>Source Files</Filter>
    </ClCompile>
    <ClCompile Include="property\AnalysisParametersPage.cpp">
      <Filter>Source Files</Filter>
    </ClCompile>
    <ClCompile Include="property\CVParametersPage.cpp">
      <Filter>Source Files</Filter>
    </ClCompile>
    <ClCompile Include="property\PropertySheetA1ML.cpp">
      <Filter>Source Files</Filter>
    </ClCompile>
    <ClCompile Include="property\SolutionAdditionParametersPageA.cpp">
      <Filter>Source Files</Filter>
    </ClCompile>
    <ClCompile Include="property\SolutionAdditionParametersPageB.cpp">
      <Filter>Source Files</Filter>
    </ClCompile>
    <ClCompile Include="list\ListCtrlSAP.cpp">
      <Filter>Source Files</Filter>
    </ClCompile>
    <ClCompile Include="analyzerViewR.cpp">
      <Filter>Source Files</Filter>
    </ClCompile>
    <ClCompile Include="ComputeDlg.cpp">
      <Filter>Source Files</Filter>
    </ClCompile>
    <ClCompile Include="ParaList.cpp">
      <Filter>Source Files</Filter>
    </ClCompile>
    <ClCompile Include="ExportDataDlg.cpp">
      <Filter>Source Files</Filter>
    </ClCompile>
    <ClCompile Include="ListCtrlLine.cpp">
      <Filter>Source Files</Filter>
    </ClCompile>
  </ItemGroup>
  <ItemGroup>
    <ResourceCompile Include="analyzer.rc">
      <Filter>Resource Files</Filter>
    </ResourceCompile>
  </ItemGroup>
</Project>