<?xml version="1.0" encoding="utf-8"?>
<Project ToolsVersion="4.0" xmlns="http://schemas.microsoft.com/developer/msbuild/2003">
  <ItemGroup>
    <Filter Include="Source Files">
      <UniqueIdentifier>{4FC737F1-C7A5-4376-A066-2A32D752A2FF}</UniqueIdentifier>
      <Extensions>cpp;c;cc;cxx;def;odl;idl;hpj;bat;asm;asmx</Extensions>
    </Filter>
    <Filter Include="Header Files">
      <UniqueIdentifier>{93995380-89BD-4b04-88EB-625FBE52EBFB}</UniqueIdentifier>
      <Extensions>h;hpp;hxx;hm;inl;inc;xsd</Extensions>
    </Filter>
    <Filter Include="Resource Files">
      <UniqueIdentifier>{67DA6AB6-F800-4c08-8B7A-83BB121AAD01}</UniqueIdentifier>
      <Extensions>rc;ico;cur;bmp;dlg;rc2;rct;bin;rgs;gif;jpg;jpeg;jpe;resx;tiff;tif;png;wav;mfcribbon-ms</Extensions>
    </Filter>
  </ItemGroup>
  <ItemGroup>
    <None Include="ReadMe.txt" />
    <None Include="analyzer.reg" />
    <None Include="res\output_wnd.ico">
      <Filter>Resource Files</Filter>
    </None>
    <None Include="res\output_wnd_hc.ico">
      <Filter>Resource Files</Filter>
    </None>
    <None Include="UserImages.bmp">
      <Filter>Resource Files</Filter>
    </None>
    <None Include="res\analyzer.rc2">
      <Filter>Resource Files</Filter>
    </None>
    <None Include="res\analyzerDoc.ico">
      <Filter>Resource Files</Filter>
    </None>
    <None Include="res\analyzer.ico">
      <Filter>Resource Files</Filter>
    </None>
    <None Include="res\Toolbar.bmp">
      <Filter>Resource Files</Filter>
    </None>
    <None Include="res\Toolbar256.bmp">
      <Filter>Resource Files</Filter>
    </None>
    <None Include="res\hottoolb.bmp">
      <Filter>Resource Files</Filter>
    </None>
    <None Include="res\menutoolb.bmp">
      <Filter>Resource Files</Filter>
    </None>
    <None Include="res\menu_img.bmp">
      <Filter>Resource Files</Filter>
    </None>
    <None Include="res\Panorama16.bmp">
      <Filter>Resource Files</Filter>
    </None>
    <None Include="res\Panorama24.bmp">
      <Filter>Resource Files</Filter>
    </None>
    <None Include="res\Panorama32.bmp">
      <Filter>Resource Files</Filter>
    </None>
    <None Include="res\messagebar_1.bmp">
      <Filter>Resource Files</Filter>
    </None>
    <None Include="res\messagebar_2.bmp">
      <Filter>Resource Files</Filter>
    </None>
    <None Include="res\astri.bmp">
      <Filter>Resource Files</Filter>
    </None>
    <None Include="res\index_02_01_01.bmp">
      <Filter>Resource Files</Filter>
    </None>
    <None Include="res\qq.bmp">
      <Filter>Resource Files</Filter>
    </None>
    <None Include="res\qq16.bmp">
      <Filter>Resource Files</Filter>
    </None>
    <None Include="res\qq16.ico">
      <Filter>Resource Files</Filter>
    </None>
    <None Include="res\IMG_20131002_154626_4.bmp">
      <Filter>Resource Files</Filter>
    </None>
    <None Include="res\RDE-logo.ico">
      <Filter>Resource Files</Filter>
    </None>
    <None Include="res\icon2.ico">
      <Filter>Resource Files</Filter>
    </None>
    <None Include="res\icon3.ico">
      <Filter>Resource Files</Filter>
    </None>
    <None Include="res\icon4.ico">
      <Filter>Resource Files</Filter>
    </None>
    <None Include="res\info.bmp">
      <Filter>Resource Files</Filter>
    </None>
  </ItemGroup>
  <ItemGroup>
    <ClInclude Include="analyzer.h">
      <Filter>Header Files</Filter>
    </ClInclude>
    <ClInclude Include="stdafx.h">
      <Filter>Header Files</Filter>
    </ClInclude>
    <ClInclude Include="targetver.h">
      <Filter>Header Files</Filter>
    </ClInclude>
    <ClInclude Include="MainFrm.h">
      <Filter>Header Files</Filter>
    </ClInclude>
    <ClInclude Include="analyzerDoc.h">
      <Filter>Header Files</Filter>
    </ClInclude>
    <ClInclude Include="analyzerView.h">
      <Filter>Header Files</Filter>
    </ClInclude>
    <ClInclude Include="Resource.h">
      <Filter>Header Files</Filter>
    </ClInclude>
    <ClInclude Include="OutputWnd.h">
      <Filter>Header Files</Filter>
    </ClInclude>
    <ClInclude Include="AccountComboBox.h">
      <Filter>Header Files</Filter>
    </ClInclude>
    <ClInclude Include="LoginDlg.h">
      <Filter>Header Files</Filter>
    </ClInclude>
    <ClInclude Include="PropertySheetA.h">
      <Filter>Header Files</Filter>
    </ClInclude>
    <ClInclude Include="UserAccountPage.h">
      <Filter>Header Files</Filter>
    </ClInclude>
    <ClInclude Include="list\ListCtrlUA.h">
      <Filter>Header Files</Filter>
    </ClInclude>
    <ClInclude Include="list\ListCtrlA.h">
      <Filter>Header Files</Filter>
    </ClInclude>
    <ClInclude Include="list\ComboItem.h">
      <Filter>Header Files</Filter>
    </ClInclude>
    <ClInclude Include="list\EditB.h">
      <Filter>Header Files</Filter>
    </ClInclude>
    <ClInclude Include="list\EditInt.h">
      <Filter>Header Files</Filter>
    </ClInclude>
    <ClInclude Include="list\EditNum.h">
      <Filter>Header Files</Filter>
    </ClInclude>
    <ClInclude Include="list\EditReal.h">
      <Filter>Header Files</Filter>
    </ClInclude>
    <ClInclude Include="StartDlg.hpp">
      <Filter>Header Files</Filter>
    </ClInclude>
    <ClInclude Include="filefunc.h">
      <Filter>Header Files</Filter>
    </ClInclude>
    <ClInclude Include="plot\drawfunc.h">
      <Filter>Header Files</Filter>
    </ClInclude>
    <ClInclude Include="plot\LegendDlg.h">
      <Filter>Header Files</Filter>
    </ClInclude>
    <ClInclude Include="plot\PlotWnd.h">
      <Filter>Header Files</Filter>
    </ClInclude>
    <ClInclude Include="PlotSettingPageA.h">
      <Filter>Header Files</Filter>
    </ClInclude>
    <ClInclude Include="list\ListCtrlLS.h">
      <Filter>Header Files</Filter>
    </ClInclude>
    <ClInclude Include="AnalysisParametersPage.h">
      <Filter>Header Files</Filter>
    </ClInclude>
    <ClInclude Include="CVParametersPage.h">
      <Filter>Header Files</Filter>
    </ClInclude>
    <ClInclude Include="SolutionAdditionParametersPageA.h">
      <Filter>Header Files</Filter>
    </ClInclude>
    <ClInclude Include="list\ListCtrlSAP.h">
      <Filter>Header Files</Filter>
    </ClInclude>
    <ClInclude Include="list\ListCtrlAA.h">
      <Filter>Header Files</Filter>
    </ClInclude>
    <ClInclude Include="list\OutputListA.h">
      <Filter>Header Files</Filter>
    </ClInclude>
    <ClInclude Include="calfunc.h">
      <Filter>Header Files</Filter>
    </ClInclude>
  </ItemGroup>
  <ItemGroup>
    <ClCompile Include="analyzer.cpp">
      <Filter>Source Files</Filter>
    </ClCompile>
    <ClCompile Include="stdafx.cpp">
      <Filter>Source Files</Filter>
    </ClCompile>
    <ClCompile Include="MainFrm.cpp">
      <Filter>Source Files</Filter>
    </ClCompile>
    <ClCompile Include="analyzerDoc.cpp">
      <Filter>Source Files</Filter>
    </ClCompile>
    <ClCompile Include="analyzerView.cpp">
      <Filter>Source Files</Filter>
    </ClCompile>
    <ClCompile Include="OutputWnd.cpp">
      <Filter>Source Files</Filter>
    </ClCompile>
    <ClCompile Include="AccountComboBox.cpp">
      <Filter>Source Files</Filter>
    </ClCompile>
    <ClCompile Include="LoginDlg.cpp">
      <Filter>Source Files</Filter>
    </ClCompile>
    <ClCompile Include="PropertySheetA.cpp">
      <Filter>Source Files</Filter>
    </ClCompile>
    <ClCompile Include="UserAccountPage.cpp">
      <Filter>Source Files</Filter>
    </ClCompile>
    <ClCompile Include="list\ListCtrlUA.cpp">
      <Filter>Source Files</Filter>
    </ClCompile>
    <ClCompile Include="list\ListCtrlA.cpp">
      <Filter>Source Files</Filter>
    </ClCompile>
    <ClCompile Include="filefunc.cpp">
      <Filter>Source Files</Filter>
    </ClCompile>
    <ClCompile Include="plot\drawfunc.cpp">
      <Filter>Source Files</Filter>
    </ClCompile>
    <ClCompile Include="plot\LegendDlg.cpp">
      <Filter>Source Files</Filter>
    </ClCompile>
    <ClCompile Include="plot\PlotWnd.cpp">
      <Filter>Source Files</Filter>
    </ClCompile>
    <ClCompile Include="list\ComboItem.cpp">
      <Filter>Source Files</Filter>
    </ClCompile>
    <ClCompile Include="list\EditB.cpp">
      <Filter>Source Files</Filter>
    </ClCompile>
    <ClCompile Include="list\EditInt.cpp">
      <Filter>Source Files</Filter>
    </ClCompile>
    <ClCompile Include="list\EditNum.cpp">
      <Filter>Source Files</Filter>
    </ClCompile>
    <ClCompile Include="list\EditReal.cpp">
      <Filter>Source Files</Filter>
    </ClCompile>
    <ClCompile Include="PlotSettingPageA.cpp">
      <Filter>Source Files</Filter>
    </ClCompile>
    <ClCompile Include="list\ListCtrlLS.cpp">
      <Filter>Source Files</Filter>
    </ClCompile>
    <ClCompile Include="AnalysisParametersPage.cpp">
      <Filter>Source Files</Filter>
    </ClCompile>
    <ClCompile Include="CVParametersPage.cpp">
      <Filter>Source Files</Filter>
    </ClCompile>
    <ClCompile Include="SolutionAdditionParametersPageA.cpp">
      <Filter>Source Files</Filter>
    </ClCompile>
    <ClCompile Include="list\ListCtrlSAP.cpp">
      <Filter>Source Files</Filter>
    </ClCompile>
    <ClCompile Include="list\ListCtrlAA.cpp">
      <Filter>Source Files</Filter>
    </ClCompile>
    <ClCompile Include="list\OutputListA.cpp">
      <Filter>Source Files</Filter>
    </ClCompile>
    <ClCompile Include="calfunc.cpp">
      <Filter>Source Files</Filter>
    </ClCompile>
  </ItemGroup>
  <ItemGroup>
    <ResourceCompile Include="analyzer.rc">
      <Filter>Resource Files</Filter>
    </ResourceCompile>
  </ItemGroup>
</Project>